// !$*UTF8*$!
{
	archiveVersion = 1;
	classes = {
	};
	objectVersion = 56;
	objects = {

/* Begin PBXBuildFile section */
		EE46C6192AC2AE3200E25565 /* FirebaseAuth in Frameworks */ = {isa = PBXBuildFile; productRef = EE46C6182AC2AE3200E25565 /* FirebaseAuth */; };
		EE46C61D2AC2C2B100E25565 /* GoogleService-Info.plist in Resources */ = {isa = PBXBuildFile; fileRef = EE46C61C2AC2C2B100E25565 /* GoogleService-Info.plist */; };
		EEAE0F3C2ABD694600296C64 /* ChulBongApp.swift in Sources */ = {isa = PBXBuildFile; fileRef = EEAE0F3B2ABD694600296C64 /* ChulBongApp.swift */; };
		EEAE0F402ABD694900296C64 /* Assets.xcassets in Resources */ = {isa = PBXBuildFile; fileRef = EEAE0F3F2ABD694900296C64 /* Assets.xcassets */; };
		EEAE0F432ABD694900296C64 /* Preview Assets.xcassets in Resources */ = {isa = PBXBuildFile; fileRef = EEAE0F422ABD694900296C64 /* Preview Assets.xcassets */; };
		EEAE0F522ABD707A00296C64 /* ChulBongSPM in Frameworks */ = {isa = PBXBuildFile; productRef = EEAE0F512ABD707A00296C64 /* ChulBongSPM */; };
		EEAE0F572ABD7E9300296C64 /* FirebaseAnalytics in Frameworks */ = {isa = PBXBuildFile; productRef = EEAE0F562ABD7E9300296C64 /* FirebaseAnalytics */; };
		EEAE0F592ABD7E9300296C64 /* FirebaseAnalyticsOnDeviceConversion in Frameworks */ = {isa = PBXBuildFile; productRef = EEAE0F582ABD7E9300296C64 /* FirebaseAnalyticsOnDeviceConversion */; };
		EEAE0F5B2ABD7E9300296C64 /* FirebaseAnalyticsSwift in Frameworks */ = {isa = PBXBuildFile; productRef = EEAE0F5A2ABD7E9300296C64 /* FirebaseAnalyticsSwift */; };
		EEAE0F5D2ABD7E9300296C64 /* FirebaseAnalyticsWithoutAdIdSupport in Frameworks */ = {isa = PBXBuildFile; productRef = EEAE0F5C2ABD7E9300296C64 /* FirebaseAnalyticsWithoutAdIdSupport */; };
		EEAE0F5F2ABD7E9300296C64 /* FirebaseAppCheck in Frameworks */ = {isa = PBXBuildFile; productRef = EEAE0F5E2ABD7E9300296C64 /* FirebaseAppCheck */; };
		EEAE0F612ABD7EE200296C64 /* AppDelegate.swift in Sources */ = {isa = PBXBuildFile; fileRef = EEAE0F602ABD7EE200296C64 /* AppDelegate.swift */; };
/* End PBXBuildFile section */

/* Begin PBXFileReference section */
		EE1D0EDC2ACD444F004E15C1 /* Secret.xcconfig */ = {isa = PBXFileReference; lastKnownFileType = text.xcconfig; path = Secret.xcconfig; sourceTree = "<group>"; };
		EE1D0EDD2ACD44CA004E15C1 /* Info.plist */ = {isa = PBXFileReference; lastKnownFileType = text.plist; path = Info.plist; sourceTree = "<group>"; };
		EE46C61C2AC2C2B100E25565 /* GoogleService-Info.plist */ = {isa = PBXFileReference; fileEncoding = 4; lastKnownFileType = text.plist.xml; path = "GoogleService-Info.plist"; sourceTree = "<group>"; };
		EEAE0F382ABD694600296C64 /* ChulBong.app */ = {isa = PBXFileReference; explicitFileType = wrapper.application; includeInIndex = 0; path = ChulBong.app; sourceTree = BUILT_PRODUCTS_DIR; };
		EEAE0F3B2ABD694600296C64 /* ChulBongApp.swift */ = {isa = PBXFileReference; lastKnownFileType = sourcecode.swift; path = ChulBongApp.swift; sourceTree = "<group>"; };
		EEAE0F3F2ABD694900296C64 /* Assets.xcassets */ = {isa = PBXFileReference; lastKnownFileType = folder.assetcatalog; path = Assets.xcassets; sourceTree = "<group>"; };
		EEAE0F422ABD694900296C64 /* Preview Assets.xcassets */ = {isa = PBXFileReference; lastKnownFileType = folder.assetcatalog; path = "Preview Assets.xcassets"; sourceTree = "<group>"; };
		EEAE0F4F2ABD6F4900296C64 /* ChulBongSPM */ = {isa = PBXFileReference; lastKnownFileType = wrapper; path = ChulBongSPM; sourceTree = "<group>"; };
		EEAE0F602ABD7EE200296C64 /* AppDelegate.swift */ = {isa = PBXFileReference; lastKnownFileType = sourcecode.swift; path = AppDelegate.swift; sourceTree = "<group>"; };
/* End PBXFileReference section */

/* Begin PBXFrameworksBuildPhase section */
		EEAE0F352ABD694600296C64 /* Frameworks */ = {
			isa = PBXFrameworksBuildPhase;
			buildActionMask = 2147483647;
			files = (
				EEAE0F5D2ABD7E9300296C64 /* FirebaseAnalyticsWithoutAdIdSupport in Frameworks */,
				EEAE0F522ABD707A00296C64 /* ChulBongSPM in Frameworks */,
				EEAE0F572ABD7E9300296C64 /* FirebaseAnalytics in Frameworks */,
				EEAE0F5F2ABD7E9300296C64 /* FirebaseAppCheck in Frameworks */,
				EEAE0F592ABD7E9300296C64 /* FirebaseAnalyticsOnDeviceConversion in Frameworks */,
				EE46C6192AC2AE3200E25565 /* FirebaseAuth in Frameworks */,
				EEAE0F5B2ABD7E9300296C64 /* FirebaseAnalyticsSwift in Frameworks */,
			);
			runOnlyForDeploymentPostprocessing = 0;
		};
/* End PBXFrameworksBuildPhase section */

/* Begin PBXGroup section */
		EE1D0EDB2ACD4426004E15C1 /* Secret */ = {
			isa = PBXGroup;
			children = (
				EE1D0EDC2ACD444F004E15C1 /* Secret.xcconfig */,
			);
			path = Secret;
			sourceTree = "<group>";
		};
		EEAE0F2F2ABD694600296C64 = {
			isa = PBXGroup;
			children = (
				EE46C61C2AC2C2B100E25565 /* GoogleService-Info.plist */,
				EEAE0F4F2ABD6F4900296C64 /* ChulBongSPM */,
				EEAE0F3A2ABD694600296C64 /* ChulBong */,
				EEAE0F392ABD694600296C64 /* Products */,
				EEAE0F502ABD707A00296C64 /* Frameworks */,
			);
			sourceTree = "<group>";
		};
		EEAE0F392ABD694600296C64 /* Products */ = {
			isa = PBXGroup;
			children = (
				EEAE0F382ABD694600296C64 /* ChulBong.app */,
			);
			name = Products;
			sourceTree = "<group>";
		};
		EEAE0F3A2ABD694600296C64 /* ChulBong */ = {
			isa = PBXGroup;
			children = (
				EE1D0EDD2ACD44CA004E15C1 /* Info.plist */,
				EE1D0EDB2ACD4426004E15C1 /* Secret */,
				EEAE0F3B2ABD694600296C64 /* ChulBongApp.swift */,
				EEAE0F3F2ABD694900296C64 /* Assets.xcassets */,
				EEAE0F412ABD694900296C64 /* Preview Content */,
				EEAE0F602ABD7EE200296C64 /* AppDelegate.swift */,
			);
			path = ChulBong;
			sourceTree = "<group>";
		};
		EEAE0F412ABD694900296C64 /* Preview Content */ = {
			isa = PBXGroup;
			children = (
				EEAE0F422ABD694900296C64 /* Preview Assets.xcassets */,
			);
			path = "Preview Content";
			sourceTree = "<group>";
		};
		EEAE0F502ABD707A00296C64 /* Frameworks */ = {
			isa = PBXGroup;
			children = (
			);
			name = Frameworks;
			sourceTree = "<group>";
		};
/* End PBXGroup section */

/* Begin PBXNativeTarget section */
		EEAE0F372ABD694600296C64 /* ChulBong */ = {
			isa = PBXNativeTarget;
			buildConfigurationList = EEAE0F462ABD694900296C64 /* Build configuration list for PBXNativeTarget "ChulBong" */;
			buildPhases = (
				EEAE0F342ABD694600296C64 /* Sources */,
				EEAE0F352ABD694600296C64 /* Frameworks */,
				EEAE0F362ABD694600296C64 /* Resources */,
			);
			buildRules = (
			);
			dependencies = (
			);
			name = ChulBong;
			packageProductDependencies = (
				EEAE0F512ABD707A00296C64 /* ChulBongSPM */,
				EEAE0F562ABD7E9300296C64 /* FirebaseAnalytics */,
				EEAE0F582ABD7E9300296C64 /* FirebaseAnalyticsOnDeviceConversion */,
				EEAE0F5A2ABD7E9300296C64 /* FirebaseAnalyticsSwift */,
				EEAE0F5C2ABD7E9300296C64 /* FirebaseAnalyticsWithoutAdIdSupport */,
				EEAE0F5E2ABD7E9300296C64 /* FirebaseAppCheck */,
				EE46C6182AC2AE3200E25565 /* FirebaseAuth */,
			);
			productName = ChulBong;
			productReference = EEAE0F382ABD694600296C64 /* ChulBong.app */;
			productType = "com.apple.product-type.application";
		};
/* End PBXNativeTarget section */

/* Begin PBXProject section */
		EEAE0F302ABD694600296C64 /* Project object */ = {
			isa = PBXProject;
			attributes = {
				BuildIndependentTargetsInParallel = 1;
				LastSwiftUpdateCheck = 1500;
				LastUpgradeCheck = 1500;
				TargetAttributes = {
					EEAE0F372ABD694600296C64 = {
						CreatedOnToolsVersion = 15.0;
					};
				};
			};
			buildConfigurationList = EEAE0F332ABD694600296C64 /* Build configuration list for PBXProject "ChulBong" */;
			compatibilityVersion = "Xcode 14.0";
			developmentRegion = en;
			hasScannedForEncodings = 0;
			knownRegions = (
				en,
				Base,
			);
			mainGroup = EEAE0F2F2ABD694600296C64;
			packageReferences = (
				EEAE0F552ABD7E9300296C64 /* XCRemoteSwiftPackageReference "firebase-ios-sdk" */,
			);
			productRefGroup = EEAE0F392ABD694600296C64 /* Products */;
			projectDirPath = "";
			projectRoot = "";
			targets = (
				EEAE0F372ABD694600296C64 /* ChulBong */,
			);
		};
/* End PBXProject section */

/* Begin PBXResourcesBuildPhase section */
		EEAE0F362ABD694600296C64 /* Resources */ = {
			isa = PBXResourcesBuildPhase;
			buildActionMask = 2147483647;
			files = (
				EEAE0F432ABD694900296C64 /* Preview Assets.xcassets in Resources */,
				EEAE0F402ABD694900296C64 /* Assets.xcassets in Resources */,
				EE46C61D2AC2C2B100E25565 /* GoogleService-Info.plist in Resources */,
			);
			runOnlyForDeploymentPostprocessing = 0;
		};
/* End PBXResourcesBuildPhase section */

/* Begin PBXSourcesBuildPhase section */
		EEAE0F342ABD694600296C64 /* Sources */ = {
			isa = PBXSourcesBuildPhase;
			buildActionMask = 2147483647;
			files = (
				EEAE0F612ABD7EE200296C64 /* AppDelegate.swift in Sources */,
				EEAE0F3C2ABD694600296C64 /* ChulBongApp.swift in Sources */,
			);
			runOnlyForDeploymentPostprocessing = 0;
		};
/* End PBXSourcesBuildPhase section */

/* Begin XCBuildConfiguration section */
		EEAE0F442ABD694900296C64 /* Debug */ = {
			isa = XCBuildConfiguration;
			baseConfigurationReference = EE1D0EDC2ACD444F004E15C1 /* Secret.xcconfig */;
			buildSettings = {
				ALWAYS_SEARCH_USER_PATHS = NO;
				ASSETCATALOG_COMPILER_GENERATE_SWIFT_ASSET_SYMBOL_EXTENSIONS = YES;
				CLANG_ANALYZER_NONNULL = YES;
				CLANG_ANALYZER_NUMBER_OBJECT_CONVERSION = YES_AGGRESSIVE;
				CLANG_CXX_LANGUAGE_STANDARD = "gnu++20";
				CLANG_ENABLE_MODULES = YES;
				CLANG_ENABLE_OBJC_ARC = YES;
				CLANG_ENABLE_OBJC_WEAK = YES;
				CLANG_WARN_BLOCK_CAPTURE_AUTORELEASING = YES;
				CLANG_WARN_BOOL_CONVERSION = YES;
				CLANG_WARN_COMMA = YES;
				CLANG_WARN_CONSTANT_CONVERSION = YES;
				CLANG_WARN_DEPRECATED_OBJC_IMPLEMENTATIONS = YES;
				CLANG_WARN_DIRECT_OBJC_ISA_USAGE = YES_ERROR;
				CLANG_WARN_DOCUMENTATION_COMMENTS = YES;
				CLANG_WARN_EMPTY_BODY = YES;
				CLANG_WARN_ENUM_CONVERSION = YES;
				CLANG_WARN_INFINITE_RECURSION = YES;
				CLANG_WARN_INT_CONVERSION = YES;
				CLANG_WARN_NON_LITERAL_NULL_CONVERSION = YES;
				CLANG_WARN_OBJC_IMPLICIT_RETAIN_SELF = YES;
				CLANG_WARN_OBJC_LITERAL_CONVERSION = YES;
				CLANG_WARN_OBJC_ROOT_CLASS = YES_ERROR;
				CLANG_WARN_QUOTED_INCLUDE_IN_FRAMEWORK_HEADER = YES;
				CLANG_WARN_RANGE_LOOP_ANALYSIS = YES;
				CLANG_WARN_STRICT_PROTOTYPES = YES;
				CLANG_WARN_SUSPICIOUS_MOVE = YES;
				CLANG_WARN_UNGUARDED_AVAILABILITY = YES_AGGRESSIVE;
				CLANG_WARN_UNREACHABLE_CODE = YES;
				CLANG_WARN__DUPLICATE_METHOD_MATCH = YES;
				COPY_PHASE_STRIP = NO;
				DEBUG_INFORMATION_FORMAT = dwarf;
				ENABLE_STRICT_OBJC_MSGSEND = YES;
				ENABLE_TESTABILITY = YES;
				ENABLE_USER_SCRIPT_SANDBOXING = YES;
				GCC_C_LANGUAGE_STANDARD = gnu17;
				GCC_DYNAMIC_NO_PIC = NO;
				GCC_NO_COMMON_BLOCKS = YES;
				GCC_OPTIMIZATION_LEVEL = 0;
				GCC_PREPROCESSOR_DEFINITIONS = (
					"DEBUG=1",
					"$(inherited)",
				);
				GCC_WARN_64_TO_32_BIT_CONVERSION = YES;
				GCC_WARN_ABOUT_RETURN_TYPE = YES_ERROR;
				GCC_WARN_UNDECLARED_SELECTOR = YES;
				GCC_WARN_UNINITIALIZED_AUTOS = YES_AGGRESSIVE;
				GCC_WARN_UNUSED_FUNCTION = YES;
				GCC_WARN_UNUSED_VARIABLE = YES;
				IPHONEOS_DEPLOYMENT_TARGET = 17.0;
				LOCALIZATION_PREFERS_STRING_CATALOGS = YES;
				MTL_ENABLE_DEBUG_INFO = INCLUDE_SOURCE;
				MTL_FAST_MATH = YES;
				ONLY_ACTIVE_ARCH = YES;
				SDKROOT = iphoneos;
				SWIFT_ACTIVE_COMPILATION_CONDITIONS = "DEBUG $(inherited)";
				SWIFT_OPTIMIZATION_LEVEL = "-Onone";
			};
			name = Debug;
		};
		EEAE0F452ABD694900296C64 /* Release */ = {
			isa = XCBuildConfiguration;
			baseConfigurationReference = EE1D0EDC2ACD444F004E15C1 /* Secret.xcconfig */;
			buildSettings = {
				ALWAYS_SEARCH_USER_PATHS = NO;
				ASSETCATALOG_COMPILER_GENERATE_SWIFT_ASSET_SYMBOL_EXTENSIONS = YES;
				CLANG_ANALYZER_NONNULL = YES;
				CLANG_ANALYZER_NUMBER_OBJECT_CONVERSION = YES_AGGRESSIVE;
				CLANG_CXX_LANGUAGE_STANDARD = "gnu++20";
				CLANG_ENABLE_MODULES = YES;
				CLANG_ENABLE_OBJC_ARC = YES;
				CLANG_ENABLE_OBJC_WEAK = YES;
				CLANG_WARN_BLOCK_CAPTURE_AUTORELEASING = YES;
				CLANG_WARN_BOOL_CONVERSION = YES;
				CLANG_WARN_COMMA = YES;
				CLANG_WARN_CONSTANT_CONVERSION = YES;
				CLANG_WARN_DEPRECATED_OBJC_IMPLEMENTATIONS = YES;
				CLANG_WARN_DIRECT_OBJC_ISA_USAGE = YES_ERROR;
				CLANG_WARN_DOCUMENTATION_COMMENTS = YES;
				CLANG_WARN_EMPTY_BODY = YES;
				CLANG_WARN_ENUM_CONVERSION = YES;
				CLANG_WARN_INFINITE_RECURSION = YES;
				CLANG_WARN_INT_CONVERSION = YES;
				CLANG_WARN_NON_LITERAL_NULL_CONVERSION = YES;
				CLANG_WARN_OBJC_IMPLICIT_RETAIN_SELF = YES;
				CLANG_WARN_OBJC_LITERAL_CONVERSION = YES;
				CLANG_WARN_OBJC_ROOT_CLASS = YES_ERROR;
				CLANG_WARN_QUOTED_INCLUDE_IN_FRAMEWORK_HEADER = YES;
				CLANG_WARN_RANGE_LOOP_ANALYSIS = YES;
				CLANG_WARN_STRICT_PROTOTYPES = YES;
				CLANG_WARN_SUSPICIOUS_MOVE = YES;
				CLANG_WARN_UNGUARDED_AVAILABILITY = YES_AGGRESSIVE;
				CLANG_WARN_UNREACHABLE_CODE = YES;
				CLANG_WARN__DUPLICATE_METHOD_MATCH = YES;
				COPY_PHASE_STRIP = NO;
				DEBUG_INFORMATION_FORMAT = "dwarf-with-dsym";
				ENABLE_NS_ASSERTIONS = NO;
				ENABLE_STRICT_OBJC_MSGSEND = YES;
				ENABLE_USER_SCRIPT_SANDBOXING = YES;
				GCC_C_LANGUAGE_STANDARD = gnu17;
				GCC_NO_COMMON_BLOCKS = YES;
				GCC_WARN_64_TO_32_BIT_CONVERSION = YES;
				GCC_WARN_ABOUT_RETURN_TYPE = YES_ERROR;
				GCC_WARN_UNDECLARED_SELECTOR = YES;
				GCC_WARN_UNINITIALIZED_AUTOS = YES_AGGRESSIVE;
				GCC_WARN_UNUSED_FUNCTION = YES;
				GCC_WARN_UNUSED_VARIABLE = YES;
				IPHONEOS_DEPLOYMENT_TARGET = 17.0;
				LOCALIZATION_PREFERS_STRING_CATALOGS = YES;
				MTL_ENABLE_DEBUG_INFO = NO;
				MTL_FAST_MATH = YES;
				SDKROOT = iphoneos;
				SWIFT_COMPILATION_MODE = wholemodule;
				VALIDATE_PRODUCT = YES;
			};
			name = Release;
		};
		EEAE0F472ABD694900296C64 /* Debug */ = {
			isa = XCBuildConfiguration;
			baseConfigurationReference = EE1D0EDC2ACD444F004E15C1 /* Secret.xcconfig */;
			buildSettings = {
				ASSETCATALOG_COMPILER_APPICON_NAME = AppIcon;
				ASSETCATALOG_COMPILER_GLOBAL_ACCENT_COLOR_NAME = AccentColor;
				CODE_SIGN_ENTITLEMENTS = ChulBong/ChulBong.entitlements;
				CODE_SIGN_STYLE = Automatic;
				CURRENT_PROJECT_VERSION = 1;
				DEVELOPMENT_ASSET_PATHS = "\"ChulBong/Preview Content\"";
				DEVELOPMENT_TEAM = H2N9KXXP3M;
				ENABLE_PREVIEWS = YES;
				GENERATE_INFOPLIST_FILE = YES;
				INFOPLIST_FILE = ChulBong/Info.plist;
				INFOPLIST_KEY_UIApplicationSceneManifest_Generation = YES;
				INFOPLIST_KEY_UIApplicationSupportsIndirectInputEvents = YES;
				INFOPLIST_KEY_UILaunchScreen_Generation = YES;
				INFOPLIST_KEY_UISupportedInterfaceOrientations_iPad = "UIInterfaceOrientationPortrait UIInterfaceOrientationPortraitUpsideDown UIInterfaceOrientationLandscapeLeft UIInterfaceOrientationLandscapeRight";
				INFOPLIST_KEY_UISupportedInterfaceOrientations_iPhone = "UIInterfaceOrientationPortrait UIInterfaceOrientationLandscapeLeft UIInterfaceOrientationLandscapeRight";
				IPHONEOS_DEPLOYMENT_TARGET = 16.0;
				LD_RUNPATH_SEARCH_PATHS = (
					"$(inherited)",
					"@executable_path/Frameworks",
				);
				MARKETING_VERSION = 1.0;
				PRODUCT_BUNDLE_IDENTIFIER = com.mandos.ChulBong;
				PRODUCT_NAME = "$(TARGET_NAME)";
				SWIFT_EMIT_LOC_STRINGS = YES;
				SWIFT_VERSION = 5.0;
				TARGETED_DEVICE_FAMILY = "1,2";
			};
			name = Debug;
		};
		EEAE0F482ABD694900296C64 /* Release */ = {
			isa = XCBuildConfiguration;
			baseConfigurationReference = EE1D0EDC2ACD444F004E15C1 /* Secret.xcconfig */;
			buildSettings = {
				ASSETCATALOG_COMPILER_APPICON_NAME = AppIcon;
				ASSETCATALOG_COMPILER_GLOBAL_ACCENT_COLOR_NAME = AccentColor;
				CODE_SIGN_ENTITLEMENTS = ChulBong/ChulBong.entitlements;
				CODE_SIGN_STYLE = Automatic;
				CURRENT_PROJECT_VERSION = 1;
				DEVELOPMENT_ASSET_PATHS = "\"ChulBong/Preview Content\"";
				DEVELOPMENT_TEAM = H2N9KXXP3M;
				ENABLE_PREVIEWS = YES;
				GENERATE_INFOPLIST_FILE = YES;
				INFOPLIST_FILE = ChulBong/Info.plist;
				INFOPLIST_KEY_UIApplicationSceneManifest_Generation = YES;
				INFOPLIST_KEY_UIApplicationSupportsIndirectInputEvents = YES;
				INFOPLIST_KEY_UILaunchScreen_Generation = YES;
				INFOPLIST_KEY_UISupportedInterfaceOrientations_iPad = "UIInterfaceOrientationPortrait UIInterfaceOrientationPortraitUpsideDown UIInterfaceOrientationLandscapeLeft UIInterfaceOrientationLandscapeRight";
				INFOPLIST_KEY_UISupportedInterfaceOrientations_iPhone = "UIInterfaceOrientationPortrait UIInterfaceOrientationLandscapeLeft UIInterfaceOrientationLandscapeRight";
				IPHONEOS_DEPLOYMENT_TARGET = 16.0;
				LD_RUNPATH_SEARCH_PATHS = (
					"$(inherited)",
					"@executable_path/Frameworks",
				);
				MARKETING_VERSION = 1.0;
				PRODUCT_BUNDLE_IDENTIFIER = com.mandos.ChulBong;
				PRODUCT_NAME = "$(TARGET_NAME)";
				SWIFT_EMIT_LOC_STRINGS = YES;
				SWIFT_VERSION = 5.0;
				TARGETED_DEVICE_FAMILY = "1,2";
			};
			name = Release;
		};
/* End XCBuildConfiguration section */

/* Begin XCConfigurationList section */
		EEAE0F332ABD694600296C64 /* Build configuration list for PBXProject "ChulBong" */ = {
			isa = XCConfigurationList;
			buildConfigurations = (
				EEAE0F442ABD694900296C64 /* Debug */,
				EEAE0F452ABD694900296C64 /* Release */,
			);
			defaultConfigurationIsVisible = 0;
			defaultConfigurationName = Release;
		};
		EEAE0F462ABD694900296C64 /* Build configuration list for PBXNativeTarget "ChulBong" */ = {
			isa = XCConfigurationList;
			buildConfigurations = (
				EEAE0F472ABD694900296C64 /* Debug */,
				EEAE0F482ABD694900296C64 /* Release */,
			);
			defaultConfigurationIsVisible = 0;
			defaultConfigurationName = Release;
		};
/* End XCConfigurationList section */

/* Begin XCRemoteSwiftPackageReference section */
		EEAE0F552ABD7E9300296C64 /* XCRemoteSwiftPackageReference "firebase-ios-sdk" */ = {
			isa = XCRemoteSwiftPackageReference;
			repositoryURL = "https://github.com/firebase/firebase-ios-sdk";
			requirement = {
				kind = upToNextMajorVersion;
				minimumVersion = 10.15.0;
			};
		};
/* End XCRemoteSwiftPackageReference section */

/* Begin XCSwiftPackageProductDependency section */
		EE46C6182AC2AE3200E25565 /* FirebaseAuth */ = {
			isa = XCSwiftPackageProductDependency;
			package = EEAE0F552ABD7E9300296C64 /* XCRemoteSwiftPackageReference "firebase-ios-sdk" */;
			productName = FirebaseAuth;
		};
		EEAE0F512ABD707A00296C64 /* ChulBongSPM */ = {
			isa = XCSwiftPackageProductDependency;
			productName = ChulBongSPM;
		};
		EEAE0F562ABD7E9300296C64 /* FirebaseAnalytics */ = {
			isa = XCSwiftPackageProductDependency;
			package = EEAE0F552ABD7E9300296C64 /* XCRemoteSwiftPackageReference "firebase-ios-sdk" */;
			productName = FirebaseAnalytics;
		};
		EEAE0F582ABD7E9300296C64 /* FirebaseAnalyticsOnDeviceConversion */ = {
			isa = XCSwiftPackageProductDependency;
			package = EEAE0F552ABD7E9300296C64 /* XCRemoteSwiftPackageReference "firebase-ios-sdk" */;
			productName = FirebaseAnalyticsOnDeviceConversion;
		};
		EEAE0F5A2ABD7E9300296C64 /* FirebaseAnalyticsSwift */ = {
			isa = XCSwiftPackageProductDependency;
			package = EEAE0F552ABD7E9300296C64 /* XCRemoteSwiftPackageReference "firebase-ios-sdk" */;
			productName = FirebaseAnalyticsSwift;
		};
		EEAE0F5C2ABD7E9300296C64 /* FirebaseAnalyticsWithoutAdIdSupport */ = {
			isa = XCSwiftPackageProductDependency;
			package = EEAE0F552ABD7E9300296C64 /* XCRemoteSwiftPackageReference "firebase-ios-sdk" */;
			productName = FirebaseAnalyticsWithoutAdIdSupport;
		};
		EEAE0F5E2ABD7E9300296C64 /* FirebaseAppCheck */ = {
			isa = XCSwiftPackageProductDependency;
			package = EEAE0F552ABD7E9300296C64 /* XCRemoteSwiftPackageReference "firebase-ios-sdk" */;
			productName = FirebaseAppCheck;
		};
/* End XCSwiftPackageProductDependency section */
	};
	rootObject = EEAE0F302ABD694600296C64 /* Project object */;
}
